
Microsoft Visual Studio Solution File, Format Version 12.00
# Visual Studio 15
VisualStudioVersion = 15.0.28307.902
MinimumVisualStudioVersion = 10.0.40219.1
Project("{2150E333-8FDC-42A3-9474-1A3956D46DE8}") = "01_EntityFramework", "01_EntityFramework", "{C53C3702-F3E5-4AEB-AA54-4FB789BB11AE}"
EndProject
Project("{FAE04EC0-301F-11D3-BF4B-00C04F79EFBC}") = "Data", "Data\Data.csproj", "{79398ECE-430D-484D-A35B-10018C133A0A}"
EndProject
Project("{FAE04EC0-301F-11D3-BF4B-00C04F79EFBC}") = "Entity", "Entity\Entity.csproj", "{2F57CA39-14EB-4235-9BA2-E3A40A71AB07}"
EndProject
Project("{FAE04EC0-301F-11D3-BF4B-00C04F79EFBC}") = "Repository", "Repository\Repository.csproj", "{0885378D-B34F-4D46-B398-DCFB7637CDAF}"
EndProject
Project("{2150E333-8FDC-42A3-9474-1A3956D46DE8}") = "02_Application", "02_Application", "{F7786B1D-A992-41A3-A458-75711CD8D56C}"
EndProject
Project("{FAE04EC0-301F-11D3-BF4B-00C04F79EFBC}") = "Application", "Application\Application.csproj", "{CCEA0D3A-7E1D-432E-ACE8-9F01CBE5C69F}"
EndProject
Project("{2150E333-8FDC-42A3-9474-1A3956D46DE8}") = "03_Tools", "03_Tools", "{FA12D73F-F2C3-49BD-852C-E30008347428}"
EndProject
Project("{FAE04EC0-301F-11D3-BF4B-00C04F79EFBC}") = "Common", "Common\Common.csproj", "{BCCB807B-5349-4F99-8C06-BB4EBDB382E7}"
EndProject
Project("{2150E333-8FDC-42A3-9474-1A3956D46DE8}") = "04_UI", "04_UI", "{DB9A5A0D-158F-4687-B617-2257AF585417}"
EndProject
Project("{FAE04EC0-301F-11D3-BF4B-00C04F79EFBC}") = "WebApplication", "WebApplication\WebApplication.csproj", "{F1D4A05C-1170-465C-BFBD-AF2A96AAFD08}"
EndProject
Global
	GlobalSection(SolutionConfigurationPlatforms) = preSolution
		Debug|Any CPU = Debug|Any CPU
		Release|Any CPU = Release|Any CPU
	EndGlobalSection
	GlobalSection(ProjectConfigurationPlatforms) = postSolution
		{79398ECE-430D-484D-A35B-10018C133A0A}.Debug|Any CPU.ActiveCfg = Debug|Any CPU
		{79398ECE-430D-484D-A35B-10018C133A0A}.Debug|Any CPU.Build.0 = Debug|Any CPU
		{79398ECE-430D-484D-A35B-10018C133A0A}.Release|Any CPU.ActiveCfg = Release|Any CPU
		{79398ECE-430D-484D-A35B-10018C133A0A}.Release|Any CPU.Build.0 = Release|Any CPU
		{2F57CA39-14EB-4235-9BA2-E3A40A71AB07}.Debug|Any CPU.ActiveCfg = Debug|Any CPU
		{2F57CA39-14EB-4235-9BA2-E3A40A71AB07}.Debug|Any CPU.Build.0 = Debug|Any CPU
		{2F57CA39-14EB-4235-9BA2-E3A40A71AB07}.Release|Any CPU.ActiveCfg = Release|Any CPU
		{2F57CA39-14EB-4235-9BA2-E3A40A71AB07}.Release|Any CPU.Build.0 = Release|Any CPU
		{0885378D-B34F-4D46-B398-DCFB7637CDAF}.Debug|Any CPU.ActiveCfg = Debug|Any CPU
		{0885378D-B34F-4D46-B398-DCFB7637CDAF}.Debug|Any CPU.Build.0 = Debug|Any CPU
		{0885378D-B34F-4D46-B398-DCFB7637CDAF}.Release|Any CPU.ActiveCfg = Release|Any CPU
		{0885378D-B34F-4D46-B398-DCFB7637CDAF}.Release|Any CPU.Build.0 = Release|Any CPU
		{CCEA0D3A-7E1D-432E-ACE8-9F01CBE5C69F}.Debug|Any CPU.ActiveCfg = Debug|Any CPU
		{CCEA0D3A-7E1D-432E-ACE8-9F01CBE5C69F}.Debug|Any CPU.Build.0 = Debug|Any CPU
		{CCEA0D3A-7E1D-432E-ACE8-9F01CBE5C69F}.Release|Any CPU.ActiveCfg = Release|Any CPU
		{CCEA0D3A-7E1D-432E-ACE8-9F01CBE5C69F}.Release|Any CPU.Build.0 = Release|Any CPU
		{BCCB807B-5349-4F99-8C06-BB4EBDB382E7}.Debug|Any CPU.ActiveCfg = Debug|Any CPU
		{BCCB807B-5349-4F99-8C06-BB4EBDB382E7}.Debug|Any CPU.Build.0 = Debug|Any CPU
		{BCCB807B-5349-4F99-8C06-BB4EBDB382E7}.Release|Any CPU.ActiveCfg = Release|Any CPU
		{BCCB807B-5349-4F99-8C06-BB4EBDB382E7}.Release|Any CPU.Build.0 = Release|Any CPU
		{F1D4A05C-1170-465C-BFBD-AF2A96AAFD08}.Debug|Any CPU.ActiveCfg = Debug|Any CPU
		{F1D4A05C-1170-465C-BFBD-AF2A96AAFD08}.Debug|Any CPU.Build.0 = Debug|Any CPU
		{F1D4A05C-1170-465C-BFBD-AF2A96AAFD08}.Release|Any CPU.ActiveCfg = Release|Any CPU
		{F1D4A05C-1170-465C-BFBD-AF2A96AAFD08}.Release|Any CPU.Build.0 = Release|Any CPU
	EndGlobalSection
	GlobalSection(SolutionProperties) = preSolution
		HideSolutionNode = FALSE
	EndGlobalSection
	GlobalSection(NestedProjects) = preSolution
		{79398ECE-430D-484D-A35B-10018C133A0A} = {C53C3702-F3E5-4AEB-AA54-4FB789BB11AE}
		{2F57CA39-14EB-4235-9BA2-E3A40A71AB07} = {C53C3702-F3E5-4AEB-AA54-4FB789BB11AE}
		{0885378D-B34F-4D46-B398-DCFB7637CDAF} = {C53C3702-F3E5-4AEB-AA54-4FB789BB11AE}
		{CCEA0D3A-7E1D-432E-ACE8-9F01CBE5C69F} = {F7786B1D-A992-41A3-A458-75711CD8D56C}
		{BCCB807B-5349-4F99-8C06-BB4EBDB382E7} = {FA12D73F-F2C3-49BD-852C-E30008347428}
		{F1D4A05C-1170-465C-BFBD-AF2A96AAFD08} = {DB9A5A0D-158F-4687-B617-2257AF585417}
	EndGlobalSection
	GlobalSection(ExtensibilityGlobals) = postSolution
		SolutionGuid = {6125155F-E45E-4A6E-AE55-766E15A9F9E0}
	EndGlobalSection
EndGlobal
