
Microsoft Visual Studio Solution File, Format Version 12.00
# Visual Studio Version 16
VisualStudioVersion = 16.0.29503.13
MinimumVisualStudioVersion = 10.0.40219.1
Project("{FAE04EC0-301F-11D3-BF4B-00C04F79EFBC}") = "QuartzNetConsole", "QuartzNetConsole\QuartzNetConsole.csproj", "{8AA09CF1-25A0-4B9E-866F-0A532AEF315A}"
EndProject
Global
	GlobalSection(SolutionConfigurationPlatforms) = preSolution
		Debug|Any CPU = Debug|Any CPU
		Release|Any CPU = Release|Any CPU
	EndGlobalSection
	GlobalSection(ProjectConfigurationPlatforms) = postSolution
		{8AA09CF1-25A0-4B9E-866F-0A532AEF315A}.Debug|Any CPU.ActiveCfg = Debug|Any CPU
		{8AA09CF1-25A0-4B9E-866F-0A532AEF315A}.Debug|Any CPU.Build.0 = Debug|Any CPU
		{8AA09CF1-25A0-4B9E-866F-0A532AEF315A}.Release|Any CPU.ActiveCfg = Release|Any CPU
		{8AA09CF1-25A0-4B9E-866F-0A532AEF315A}.Release|Any CPU.Build.0 = Release|Any CPU
	EndGlobalSection
	GlobalSection(SolutionProperties) = preSolution
		HideSolutionNode = FALSE
	EndGlobalSection
	GlobalSection(ExtensibilityGlobals) = postSolution
		SolutionGuid = {8310CCE4-21BB-43FD-B18B-E6C8E909E76B}
	EndGlobalSection
EndGlobal
