
Microsoft Visual Studio Solution File, Format Version 12.00
# Visual Studio Version 16
VisualStudioVersion = 16.0.29503.13
MinimumVisualStudioVersion = 10.0.40219.1
Project("{FAE04EC0-301F-11D3-BF4B-00C04F79EFBC}") = "RabbitMQ.Utils", "RabbitMQ.Utils\RabbitMQ.Utils.csproj", "{6FAB60BB-C3F9-487C-AA7C-4A9C318CD836}"
EndProject
Project("{FAE04EC0-301F-11D3-BF4B-00C04F79EFBC}") = "Send", "Send\Send.csproj", "{BCE0AEE1-3569-4579-ACD4-76BD66284E5F}"
EndProject
Project("{FAE04EC0-301F-11D3-BF4B-00C04F79EFBC}") = "Client", "Client\Client.csproj", "{9C037A36-46CC-4544-9719-86C12CCB4AA0}"
EndProject
Global
	GlobalSection(SolutionConfigurationPlatforms) = preSolution
		Debug|Any CPU = Debug|Any CPU
		Release|Any CPU = Release|Any CPU
	EndGlobalSection
	GlobalSection(ProjectConfigurationPlatforms) = postSolution
		{6FAB60BB-C3F9-487C-AA7C-4A9C318CD836}.Debug|Any CPU.ActiveCfg = Debug|Any CPU
		{6FAB60BB-C3F9-487C-AA7C-4A9C318CD836}.Debug|Any CPU.Build.0 = Debug|Any CPU
		{6FAB60BB-C3F9-487C-AA7C-4A9C318CD836}.Release|Any CPU.ActiveCfg = Release|Any CPU
		{6FAB60BB-C3F9-487C-AA7C-4A9C318CD836}.Release|Any CPU.Build.0 = Release|Any CPU
		{BCE0AEE1-3569-4579-ACD4-76BD66284E5F}.Debug|Any CPU.ActiveCfg = Debug|Any CPU
		{BCE0AEE1-3569-4579-ACD4-76BD66284E5F}.Debug|Any CPU.Build.0 = Debug|Any CPU
		{BCE0AEE1-3569-4579-ACD4-76BD66284E5F}.Release|Any CPU.ActiveCfg = Release|Any CPU
		{BCE0AEE1-3569-4579-ACD4-76BD66284E5F}.Release|Any CPU.Build.0 = Release|Any CPU
		{9C037A36-46CC-4544-9719-86C12CCB4AA0}.Debug|Any CPU.ActiveCfg = Debug|Any CPU
		{9C037A36-46CC-4544-9719-86C12CCB4AA0}.Debug|Any CPU.Build.0 = Debug|Any CPU
		{9C037A36-46CC-4544-9719-86C12CCB4AA0}.Release|Any CPU.ActiveCfg = Release|Any CPU
		{9C037A36-46CC-4544-9719-86C12CCB4AA0}.Release|Any CPU.Build.0 = Release|Any CPU
	EndGlobalSection
	GlobalSection(SolutionProperties) = preSolution
		HideSolutionNode = FALSE
	EndGlobalSection
	GlobalSection(ExtensibilityGlobals) = postSolution
		SolutionGuid = {423B3408-0934-4748-B5BE-A48B84A7057B}
	EndGlobalSection
EndGlobal
