
Microsoft Visual Studio Solution File, Format Version 12.00
# Visual Studio Version 16
VisualStudioVersion = 16.0.29509.3
MinimumVisualStudioVersion = 10.0.40219.1
Project("{FAE04EC0-301F-11D3-BF4B-00C04F79EFBC}") = "Log4Net.Sample", "Log4Net.Sample\Log4Net.Sample.csproj", "{06AFFD9B-A181-498B-82E4-C5A27740AABB}"
EndProject
Project("{FAE04EC0-301F-11D3-BF4B-00C04F79EFBC}") = "Log4Net.Utils", "Log4Net.Utils\Log4Net.Utils.csproj", "{4FFD39C2-D924-4D59-AEF3-55763C9EDAA1}"
EndProject
Global
	GlobalSection(SolutionConfigurationPlatforms) = preSolution
		Debug|Any CPU = Debug|Any CPU
		Release|Any CPU = Release|Any CPU
	EndGlobalSection
	GlobalSection(ProjectConfigurationPlatforms) = postSolution
		{06AFFD9B-A181-498B-82E4-C5A27740AABB}.Debug|Any CPU.ActiveCfg = Debug|Any CPU
		{06AFFD9B-A181-498B-82E4-C5A27740AABB}.Debug|Any CPU.Build.0 = Debug|Any CPU
		{06AFFD9B-A181-498B-82E4-C5A27740AABB}.Release|Any CPU.ActiveCfg = Release|Any CPU
		{06AFFD9B-A181-498B-82E4-C5A27740AABB}.Release|Any CPU.Build.0 = Release|Any CPU
		{4FFD39C2-D924-4D59-AEF3-55763C9EDAA1}.Debug|Any CPU.ActiveCfg = Debug|Any CPU
		{4FFD39C2-D924-4D59-AEF3-55763C9EDAA1}.Debug|Any CPU.Build.0 = Debug|Any CPU
		{4FFD39C2-D924-4D59-AEF3-55763C9EDAA1}.Release|Any CPU.ActiveCfg = Release|Any CPU
		{4FFD39C2-D924-4D59-AEF3-55763C9EDAA1}.Release|Any CPU.Build.0 = Release|Any CPU
	EndGlobalSection
	GlobalSection(SolutionProperties) = preSolution
		HideSolutionNode = FALSE
	EndGlobalSection
	GlobalSection(ExtensibilityGlobals) = postSolution
		SolutionGuid = {9039DCE0-AD4E-4902-9EAB-4531D2C417CC}
	EndGlobalSection
EndGlobal
